
Microsoft Visual Studio Solution File, Format Version 12.00
# Visual Studio Version 17
VisualStudioVersion = 17.7.34031.279
MinimumVisualStudioVersion = 10.0.40219.1
Project("{FAE04EC0-301F-11D3-BF4B-00C04F79EFBC}") = "lesson4", "lesson4.csproj", "{1C71977C-0AB7-467F-8732-694EED14A9DC}"
EndProject
Global
	GlobalSection(SolutionConfigurationPlatforms) = preSolution
		Debug|Any CPU = Debug|Any CPU
		Release|Any CPU = Release|Any CPU
	EndGlobalSection
	GlobalSection(ProjectConfigurationPlatforms) = postSolution
		{1C71977C-0AB7-467F-8732-694EED14A9DC}.Debug|Any CPU.ActiveCfg = Debug|Any CPU
		{1C71977C-0AB7-467F-8732-694EED14A9DC}.Debug|Any CPU.Build.0 = Debug|Any CPU
		{1C71977C-0AB7-467F-8732-694EED14A9DC}.Release|Any CPU.ActiveCfg = Release|Any CPU
		{1C71977C-0AB7-467F-8732-694EED14A9DC}.Release|Any CPU.Build.0 = Release|Any CPU
	EndGlobalSection
	GlobalSection(SolutionProperties) = preSolution
		HideSolutionNode = FALSE
	EndGlobalSection
	GlobalSection(ExtensibilityGlobals) = postSolution
		SolutionGuid = {C5D445BB-6A88-41EC-8F65-FDC1FCFE9364}
	EndGlobalSection
EndGlobal
